{
  "name": "concord-agent",
  "version": "0.1.0",
  "lockfileVersion": 3,
  "requires": true,
  "packages": {
    "": {
      "name": "concord-agent",
      "version": "0.1.0",
      "license": "MIT",
      "dependencies": {
        "@agentclientprotocol/sdk": "0.28.1"
      },
      "bin": {
        "concord": "src/concord.mjs"
      },
      "engines": {
        "node": ">=20"
      }
    },
    "node_modules/@agentclientprotocol/sdk": {
      "version": "0.28.1",
      "resolved": "https://registry.npmjs.org/@agentclientprotocol/sdk/-/sdk-0.28.1.tgz",
      "integrity": "sha512-Z2Frs6YtPhnZZ+XwFXyQkRDXY0fn8FjCalEs0W4yUhQnY4TztmNq0/RnfzWdFN3vqT3h0jTz5klzYbZHGxCDyQ==",
      "license": "Apache-2.0",
      "peerDependencies": {
        "zod": "^3.25.0 || ^4.0.0"
      }
    },
    "node_modules/zod": {
      "version": "4.4.3",
      "resolved": "https://registry.npmjs.org/zod/-/zod-4.4.3.tgz",
      "integrity": "sha512-ytENFjIJFl2UwYglde2jchW2Hwm4GJFLDiSXWdTrJQBIN9Fcyp7n4DhxJEiWNAJMV1/BqWfW/kkg71UDcHJyTQ==",
      "license": "MIT",
      "peer": true,
      "funding": {
        "url": "https://github.com/sponsors/colinhacks"
      }
    }
  }
}
